// !$*UTF8*$!
{
	archiveVersion = 1;
	classes = {
	};
	objectVersion = 51;
	objects = {

/* Begin PBXBuildFile section */
		4234CA5FFB12B102A567B6BF /* Pods_Chat.framework in Frameworks */ = {isa = PBXBuildFile; fileRef = 6B12AC72DE94C1CDBF057122 /* Pods_Chat.framework */; };
		83006ACA24274D1C000AC00C /* ChatViewController.swift in Sources */ = {isa = PBXBuildFile; fileRef = 83006AC924274D1C000AC00C /* ChatViewController.swift */; };
		83006AD12427555E000AC00C /* MessageModel.swift in Sources */ = {isa = PBXBuildFile; fileRef = 83006AD02427555E000AC00C /* MessageModel.swift */; };
		83006AD3242756A1000AC00C /* SampleData.swift in Sources */ = {isa = PBXBuildFile; fileRef = 83006AD2242756A1000AC00C /* SampleData.swift */; };
		83006AD52427644A000AC00C /* Lorem.swift in Sources */ = {isa = PBXBuildFile; fileRef = 83006AD42427644A000AC00C /* Lorem.swift */; };
		83006AD724276F82000AC00C /* ChatSwiftUIViewController.swift in Sources */ = {isa = PBXBuildFile; fileRef = 83006AD624276F82000AC00C /* ChatSwiftUIViewController.swift */; };
		83F80283241F3109007C2778 /* AppDelegate.swift in Sources */ = {isa = PBXBuildFile; fileRef = 83F80282241F3109007C2778 /* AppDelegate.swift */; };
		83F80285241F3109007C2778 /* SceneDelegate.swift in Sources */ = {isa = PBXBuildFile; fileRef = 83F80284241F3109007C2778 /* SceneDelegate.swift */; };
		83F80287241F3109007C2778 /* ContentView.swift in Sources */ = {isa = PBXBuildFile; fileRef = 83F80286241F3109007C2778 /* ContentView.swift */; };
		83F80289241F310C007C2778 /* Assets.xcassets in Resources */ = {isa = PBXBuildFile; fileRef = 83F80288241F310C007C2778 /* Assets.xcassets */; };
		83F8028C241F310C007C2778 /* Preview Assets.xcassets in Resources */ = {isa = PBXBuildFile; fileRef = 83F8028B241F310C007C2778 /* Preview Assets.xcassets */; };
		83F8028F241F310C007C2778 /* LaunchScreen.storyboard in Resources */ = {isa = PBXBuildFile; fileRef = 83F8028D241F310C007C2778 /* LaunchScreen.storyboard */; };
/* End PBXBuildFile section */

/* Begin PBXFileReference section */
		6B12AC72DE94C1CDBF057122 /* Pods_Chat.framework */ = {isa = PBXFileReference; explicitFileType = wrapper.framework; includeInIndex = 0; path = Pods_Chat.framework; sourceTree = BUILT_PRODUCTS_DIR; };
		722DE052C229360F218A5716 /* Pods-Chat.release.xcconfig */ = {isa = PBXFileReference; includeInIndex = 1; lastKnownFileType = text.xcconfig; name = "Pods-Chat.release.xcconfig"; path = "Target Support Files/Pods-Chat/Pods-Chat.release.xcconfig"; sourceTree = "<group>"; };
		83006AC924274D1C000AC00C /* ChatViewController.swift */ = {isa = PBXFileReference; lastKnownFileType = sourcecode.swift; path = ChatViewController.swift; sourceTree = "<group>"; };
		83006AD02427555E000AC00C /* MessageModel.swift */ = {isa = PBXFileReference; lastKnownFileType = sourcecode.swift; path = MessageModel.swift; sourceTree = "<group>"; };
		83006AD2242756A1000AC00C /* SampleData.swift */ = {isa = PBXFileReference; lastKnownFileType = sourcecode.swift; path = SampleData.swift; sourceTree = "<group>"; };
		83006AD42427644A000AC00C /* Lorem.swift */ = {isa = PBXFileReference; lastKnownFileType = sourcecode.swift; path = Lorem.swift; sourceTree = "<group>"; };
		83006AD624276F82000AC00C /* ChatSwiftUIViewController.swift */ = {isa = PBXFileReference; lastKnownFileType = sourcecode.swift; path = ChatSwiftUIViewController.swift; sourceTree = "<group>"; };
		83F8027F241F3109007C2778 /* Chat.app */ = {isa = PBXFileReference; explicitFileType = wrapper.application; includeInIndex = 0; path = Chat.app; sourceTree = BUILT_PRODUCTS_DIR; };
		83F80282241F3109007C2778 /* AppDelegate.swift */ = {isa = PBXFileReference; lastKnownFileType = sourcecode.swift; path = AppDelegate.swift; sourceTree = "<group>"; };
		83F80284241F3109007C2778 /* SceneDelegate.swift */ = {isa = PBXFileReference; lastKnownFileType = sourcecode.swift; path = SceneDelegate.swift; sourceTree = "<group>"; };
		83F80286241F3109007C2778 /* ContentView.swift */ = {isa = PBXFileReference; lastKnownFileType = sourcecode.swift; path = ContentView.swift; sourceTree = "<group>"; };
		83F80288241F310C007C2778 /* Assets.xcassets */ = {isa = PBXFileReference; lastKnownFileType = folder.assetcatalog; path = Assets.xcassets; sourceTree = "<group>"; };
		83F8028B241F310C007C2778 /* Preview Assets.xcassets */ = {isa = PBXFileReference; lastKnownFileType = folder.assetcatalog; path = "Preview Assets.xcassets"; sourceTree = "<group>"; };
		83F8028E241F310C007C2778 /* Base */ = {isa = PBXFileReference; lastKnownFileType = file.storyboard; name = Base; path = Base.lproj/LaunchScreen.storyboard; sourceTree = "<group>"; };
		83F80290241F310C007C2778 /* Info.plist */ = {isa = PBXFileReference; lastKnownFileType = text.plist.xml; path = Info.plist; sourceTree = "<group>"; };
		8EBED2F6283A7A15AA2DBBAA /* Pods-Chat.debug.xcconfig */ = {isa = PBXFileReference; includeInIndex = 1; lastKnownFileType = text.xcconfig; name = "Pods-Chat.debug.xcconfig"; path = "Target Support Files/Pods-Chat/Pods-Chat.debug.xcconfig"; sourceTree = "<group>"; };
/* End PBXFileReference section */

/* Begin PBXFrameworksBuildPhase section */
		83F8027C241F3109007C2778 /* Frameworks */ = {
			isa = PBXFrameworksBuildPhase;
			buildActionMask = 2147483647;
			files = (
				4234CA5FFB12B102A567B6BF /* Pods_Chat.framework in Frameworks */,
			);
			runOnlyForDeploymentPostprocessing = 0;
		};
/* End PBXFrameworksBuildPhase section */

/* Begin PBXGroup section */
		6035EF5497CDB53AE182C742 /* Frameworks */ = {
			isa = PBXGroup;
			children = (
				6B12AC72DE94C1CDBF057122 /* Pods_Chat.framework */,
			);
			name = Frameworks;
			sourceTree = "<group>";
		};
		83006ACD24275406000AC00C /* Model */ = {
			isa = PBXGroup;
			children = (
				83006AD02427555E000AC00C /* MessageModel.swift */,
				83006AD2242756A1000AC00C /* SampleData.swift */,
				83006AD42427644A000AC00C /* Lorem.swift */,
			);
			path = Model;
			sourceTree = "<group>";
		};
		83F80276241F3109007C2778 = {
			isa = PBXGroup;
			children = (
				83F80281241F3109007C2778 /* Chat */,
				83F80280241F3109007C2778 /* Products */,
				E3B6F2101BA4E2A471711508 /* Pods */,
				6035EF5497CDB53AE182C742 /* Frameworks */,
			);
			sourceTree = "<group>";
		};
		83F80280241F3109007C2778 /* Products */ = {
			isa = PBXGroup;
			children = (
				83F8027F241F3109007C2778 /* Chat.app */,
			);
			name = Products;
			sourceTree = "<group>";
		};
		83F80281241F3109007C2778 /* Chat */ = {
			isa = PBXGroup;
			children = (
				83F80282241F3109007C2778 /* AppDelegate.swift */,
				83F80284241F3109007C2778 /* SceneDelegate.swift */,
				83F80286241F3109007C2778 /* ContentView.swift */,
				83006AC924274D1C000AC00C /* ChatViewController.swift */,
				83006AD624276F82000AC00C /* ChatSwiftUIViewController.swift */,
				83006ACD24275406000AC00C /* Model */,
				83F80288241F310C007C2778 /* Assets.xcassets */,
				83F8028D241F310C007C2778 /* LaunchScreen.storyboard */,
				83F80290241F310C007C2778 /* Info.plist */,
				83F8028A241F310C007C2778 /* Preview Content */,
			);
			path = Chat;
			sourceTree = "<group>";
		};
		83F8028A241F310C007C2778 /* Preview Content */ = {
			isa = PBXGroup;
			children = (
				83F8028B241F310C007C2778 /* Preview Assets.xcassets */,
			);
			path = "Preview Content";
			sourceTree = "<group>";
		};
		E3B6F2101BA4E2A471711508 /* Pods */ = {
			isa = PBXGroup;
			children = (
				8EBED2F6283A7A15AA2DBBAA /* Pods-Chat.debug.xcconfig */,
				722DE052C229360F218A5716 /* Pods-Chat.release.xcconfig */,
			);
			path = Pods;
			sourceTree = "<group>";
		};
/* End PBXGroup section */

/* Begin PBXNativeTarget section */
		83F8027E241F3109007C2778 /* Chat */ = {
			isa = PBXNativeTarget;
			buildConfigurationList = 83F80293241F310C007C2778 /* Build configuration list for PBXNativeTarget "Chat" */;
			buildPhases = (
				EDE68B53F8C93E8913430972 /* [CP] Check Pods Manifest.lock */,
				83F8027B241F3109007C2778 /* Sources */,
				83F8027C241F3109007C2778 /* Frameworks */,
				83F8027D241F3109007C2778 /* Resources */,
				B0FC0AC8D0FB2B93E1866B29 /* [CP] Embed Pods Frameworks */,
			);
			buildRules = (
			);
			dependencies = (
			);
			name = Chat;
			productName = Chat;
			productReference = 83F8027F241F3109007C2778 /* Chat.app */;
			productType = "com.apple.product-type.application";
		};
/* End PBXNativeTarget section */

/* Begin PBXProject section */
		83F80277241F3109007C2778 /* Project object */ = {
			isa = PBXProject;
			attributes = {
				LastSwiftUpdateCheck = 1130;
				LastUpgradeCheck = 1130;
				ORGANIZATIONNAME = "Christian John";
				TargetAttributes = {
					83F8027E241F3109007C2778 = {
						CreatedOnToolsVersion = 11.3.1;
					};
				};
			};
			buildConfigurationList = 83F8027A241F3109007C2778 /* Build configuration list for PBXProject "Chat" */;
			compatibilityVersion = "Xcode 9.3";
			developmentRegion = en;
			hasScannedForEncodings = 0;
			knownRegions = (
				en,
				Base,
			);
			mainGroup = 83F80276241F3109007C2778;
			productRefGroup = 83F80280241F3109007C2778 /* Products */;
			projectDirPath = "";
			projectRoot = "";
			targets = (
				83F8027E241F3109007C2778 /* Chat */,
			);
		};
/* End PBXProject section */

/* Begin PBXResourcesBuildPhase section */
		83F8027D241F3109007C2778 /* Resources */ = {
			isa = PBXResourcesBuildPhase;
			buildActionMask = 2147483647;
			files = (
				83F8028F241F310C007C2778 /* LaunchScreen.storyboard in Resources */,
				83F8028C241F310C007C2778 /* Preview Assets.xcassets in Resources */,
				83F80289241F310C007C2778 /* Assets.xcassets in Resources */,
			);
			runOnlyForDeploymentPostprocessing = 0;
		};
/* End PBXResourcesBuildPhase section */

/* Begin PBXShellScriptBuildPhase section */
		B0FC0AC8D0FB2B93E1866B29 /* [CP] Embed Pods Frameworks */ = {
			isa = PBXShellScriptBuildPhase;
			buildActionMask = 2147483647;
			files = (
			);
			inputFileListPaths = (
				"${PODS_ROOT}/Target Support Files/Pods-Chat/Pods-Chat-frameworks-${CONFIGURATION}-input-files.xcfilelist",
			);
			name = "[CP] Embed Pods Frameworks";
			outputFileListPaths = (
				"${PODS_ROOT}/Target Support Files/Pods-Chat/Pods-Chat-frameworks-${CONFIGURATION}-output-files.xcfilelist",
			);
			runOnlyForDeploymentPostprocessing = 0;
			shellPath = /bin/sh;
			shellScript = "\"${PODS_ROOT}/Target Support Files/Pods-Chat/Pods-Chat-frameworks.sh\"\n";
			showEnvVarsInLog = 0;
		};
		EDE68B53F8C93E8913430972 /* [CP] Check Pods Manifest.lock */ = {
			isa = PBXShellScriptBuildPhase;
			buildActionMask = 2147483647;
			files = (
			);
			inputFileListPaths = (
			);
			inputPaths = (
				"${PODS_PODFILE_DIR_PATH}/Podfile.lock",
				"${PODS_ROOT}/Manifest.lock",
			);
			name = "[CP] Check Pods Manifest.lock";
			outputFileListPaths = (
			);
			outputPaths = (
				"$(DERIVED_FILE_DIR)/Pods-Chat-checkManifestLockResult.txt",
			);
			runOnlyForDeploymentPostprocessing = 0;
			shellPath = /bin/sh;
			shellScript = "diff \"${PODS_PODFILE_DIR_PATH}/Podfile.lock\" \"${PODS_ROOT}/Manifest.lock\" > /dev/null\nif [ $? != 0 ] ; then\n    # print error to STDERR\n    echo \"error: The sandbox is not in sync with the Podfile.lock. Run 'pod install' or update your CocoaPods installation.\" >&2\n    exit 1\nfi\n# This output is used by Xcode 'outputs' to avoid re-running this script phase.\necho \"SUCCESS\" > \"${SCRIPT_OUTPUT_FILE_0}\"\n";
			showEnvVarsInLog = 0;
		};
/* End PBXShellScriptBuildPhase section */

/* Begin PBXSourcesBuildPhase section */
		83F8027B241F3109007C2778 /* Sources */ = {
			isa = PBXSourcesBuildPhase;
			buildActionMask = 2147483647;
			files = (
				83F80283241F3109007C2778 /* AppDelegate.swift in Sources */,
				83006AD3242756A1000AC00C /* SampleData.swift in Sources */,
				83006AD12427555E000AC00C /* MessageModel.swift in Sources */,
				83F80285241F3109007C2778 /* SceneDelegate.swift in Sources */,
				83006AD724276F82000AC00C /* ChatSwiftUIViewController.swift in Sources */,
				83006AD52427644A000AC00C /* Lorem.swift in Sources */,
				83006ACA24274D1C000AC00C /* ChatViewController.swift in Sources */,
				83F80287241F3109007C2778 /* ContentView.swift in Sources */,
			);
			runOnlyForDeploymentPostprocessing = 0;
		};
/* End PBXSourcesBuildPhase section */

/* Begin PBXVariantGroup section */
		83F8028D241F310C007C2778 /* LaunchScreen.storyboard */ = {
			isa = PBXVariantGroup;
			children = (
				83F8028E241F310C007C2778 /* Base */,
			);
			name = LaunchScreen.storyboard;
			sourceTree = "<group>";
		};
/* End PBXVariantGroup section */

/* Begin XCBuildConfiguration section */
		83F80291241F310C007C2778 /* Debug */ = {
			isa = XCBuildConfiguration;
			buildSettings = {
				ALWAYS_SEARCH_USER_PATHS = NO;
				CLANG_ANALYZER_NONNULL = YES;
				CLANG_ANALYZER_NUMBER_OBJECT_CONVERSION = YES_AGGRESSIVE;
				CLANG_CXX_LANGUAGE_STANDARD = "gnu++14";
				CLANG_CXX_LIBRARY = "libc++";
				CLANG_ENABLE_MODULES = YES;
				CLANG_ENABLE_OBJC_ARC = YES;
				CLANG_ENABLE_OBJC_WEAK = YES;
				CLANG_WARN_BLOCK_CAPTURE_AUTORELEASING = YES;
				CLANG_WARN_BOOL_CONVERSION = YES;
				CLANG_WARN_COMMA = YES;
				CLANG_WARN_CONSTANT_CONVERSION = YES;
				CLANG_WARN_DEPRECATED_OBJC_IMPLEMENTATIONS = YES;
				CLANG_WARN_DIRECT_OBJC_ISA_USAGE = YES_ERROR;
				CLANG_WARN_DOCUMENTATION_COMMENTS = YES;
				CLANG_WARN_EMPTY_BODY = YES;
				CLANG_WARN_ENUM_CONVERSION = YES;
				CLANG_WARN_INFINITE_RECURSION = YES;
				CLANG_WARN_INT_CONVERSION = YES;
				CLANG_WARN_NON_LITERAL_NULL_CONVERSION = YES;
				CLANG_WARN_OBJC_IMPLICIT_RETAIN_SELF = YES;
				CLANG_WARN_OBJC_LITERAL_CONVERSION = YES;
				CLANG_WARN_OBJC_ROOT_CLASS = YES_ERROR;
				CLANG_WARN_RANGE_LOOP_ANALYSIS = YES;
				CLANG_WARN_STRICT_PROTOTYPES = YES;
				CLANG_WARN_SUSPICIOUS_MOVE = YES;
				CLANG_WARN_UNGUARDED_AVAILABILITY = YES_AGGRESSIVE;
				CLANG_WARN_UNREACHABLE_CODE = YES;
				CLANG_WARN__DUPLICATE_METHOD_MATCH = YES;
				COPY_PHASE_STRIP = NO;
				DEBUG_INFORMATION_FORMAT = dwarf;
				ENABLE_STRICT_OBJC_MSGSEND = YES;
				ENABLE_TESTABILITY = YES;
				GCC_C_LANGUAGE_STANDARD = gnu11;
				GCC_DYNAMIC_NO_PIC = NO;
				GCC_NO_COMMON_BLOCKS = YES;
				GCC_OPTIMIZATION_LEVEL = 0;
				GCC_PREPROCESSOR_DEFINITIONS = (
					"DEBUG=1",
					"$(inherited)",
				);
				GCC_WARN_64_TO_32_BIT_CONVERSION = YES;
				GCC_WARN_ABOUT_RETURN_TYPE = YES_ERROR;
				GCC_WARN_UNDECLARED_SELECTOR = YES;
				GCC_WARN_UNINITIALIZED_AUTOS = YES_AGGRESSIVE;
				GCC_WARN_UNUSED_FUNCTION = YES;
				GCC_WARN_UNUSED_VARIABLE = YES;
				IPHONEOS_DEPLOYMENT_TARGET = 13.2;
				MTL_ENABLE_DEBUG_INFO = INCLUDE_SOURCE;
				MTL_FAST_MATH = YES;
				ONLY_ACTIVE_ARCH = YES;
				SDKROOT = iphoneos;
				SWIFT_ACTIVE_COMPILATION_CONDITIONS = DEBUG;
				SWIFT_OPTIMIZATION_LEVEL = "-Onone";
			};
			name = Debug;
		};
		83F80292241F310C007C2778 /* Release */ = {
			isa = XCBuildConfiguration;
			buildSettings = {
				ALWAYS_SEARCH_USER_PATHS = NO;
				CLANG_ANALYZER_NONNULL = YES;
				CLANG_ANALYZER_NUMBER_OBJECT_CONVERSION = YES_AGGRESSIVE;
				CLANG_CXX_LANGUAGE_STANDARD = "gnu++14";
				CLANG_CXX_LIBRARY = "libc++";
				CLANG_ENABLE_MODULES = YES;
				CLANG_ENABLE_OBJC_ARC = YES;
				CLANG_ENABLE_OBJC_WEAK = YES;
				CLANG_WARN_BLOCK_CAPTURE_AUTORELEASING = YES;
				CLANG_WARN_BOOL_CONVERSION = YES;
				CLANG_WARN_COMMA = YES;
				CLANG_WARN_CONSTANT_CONVERSION = YES;
				CLANG_WARN_DEPRECATED_OBJC_IMPLEMENTATIONS = YES;
				CLANG_WARN_DIRECT_OBJC_ISA_USAGE = YES_ERROR;
				CLANG_WARN_DOCUMENTATION_COMMENTS = YES;
				CLANG_WARN_EMPTY_BODY = YES;
				CLANG_WARN_ENUM_CONVERSION = YES;
				CLANG_WARN_INFINITE_RECURSION = YES;
				CLANG_WARN_INT_CONVERSION = YES;
				CLANG_WARN_NON_LITERAL_NULL_CONVERSION = YES;
				CLANG_WARN_OBJC_IMPLICIT_RETAIN_SELF = YES;
				CLANG_WARN_OBJC_LITERAL_CONVERSION = YES;
				CLANG_WARN_OBJC_ROOT_CLASS = YES_ERROR;
				CLANG_WARN_RANGE_LOOP_ANALYSIS = YES;
				CLANG_WARN_STRICT_PROTOTYPES = YES;
				CLANG_WARN_SUSPICIOUS_MOVE = YES;
				CLANG_WARN_UNGUARDED_AVAILABILITY = YES_AGGRESSIVE;
				CLANG_WARN_UNREACHABLE_CODE = YES;
				CLANG_WARN__DUPLICATE_METHOD_MATCH = YES;
				COPY_PHASE_STRIP = NO;
				DEBUG_INFORMATION_FORMAT = "dwarf-with-dsym";
				ENABLE_NS_ASSERTIONS = NO;
				ENABLE_STRICT_OBJC_MSGSEND = YES;
				GCC_C_LANGUAGE_STANDARD = gnu11;
				GCC_NO_COMMON_BLOCKS = YES;
				GCC_WARN_64_TO_32_BIT_CONVERSION = YES;
				GCC_WARN_ABOUT_RETURN_TYPE = YES_ERROR;
				GCC_WARN_UNDECLARED_SELECTOR = YES;
				GCC_WARN_UNINITIALIZED_AUTOS = YES_AGGRESSIVE;
				GCC_WARN_UNUSED_FUNCTION = YES;
				GCC_WARN_UNUSED_VARIABLE = YES;
				IPHONEOS_DEPLOYMENT_TARGET = 13.2;
				MTL_ENABLE_DEBUG_INFO = NO;
				MTL_FAST_MATH = YES;
				SDKROOT = iphoneos;
				SWIFT_COMPILATION_MODE = wholemodule;
				SWIFT_OPTIMIZATION_LEVEL = "-O";
				VALIDATE_PRODUCT = YES;
			};
			name = Release;
		};
		83F80294241F310C007C2778 /* Debug */ = {
			isa = XCBuildConfiguration;
			baseConfigurationReference = 8EBED2F6283A7A15AA2DBBAA /* Pods-Chat.debug.xcconfig */;
			buildSettings = {
				ASSETCATALOG_COMPILER_APPICON_NAME = AppIcon;
				CODE_SIGN_STYLE = Automatic;
				DEVELOPMENT_ASSET_PATHS = "\"Chat/Preview Content\"";
				DEVELOPMENT_TEAM = 9292NHZANB;
				ENABLE_PREVIEWS = YES;
				INFOPLIST_FILE = Chat/Info.plist;
				LD_RUNPATH_SEARCH_PATHS = (
					"$(inherited)",
					"@executable_path/Frameworks",
				);
				PRODUCT_BUNDLE_IDENTIFIER = Swift.Chat;
				PRODUCT_NAME = "$(TARGET_NAME)";
				SWIFT_VERSION = 5.0;
				TARGETED_DEVICE_FAMILY = "1,2";
			};
			name = Debug;
		};
		83F80295241F310C007C2778 /* Release */ = {
			isa = XCBuildConfiguration;
			baseConfigurationReference = 722DE052C229360F218A5716 /* Pods-Chat.release.xcconfig */;
			buildSettings = {
				ASSETCATALOG_COMPILER_APPICON_NAME = AppIcon;
				CODE_SIGN_STYLE = Automatic;
				DEVELOPMENT_ASSET_PATHS = "\"Chat/Preview Content\"";
				DEVELOPMENT_TEAM = 9292NHZANB;
				ENABLE_PREVIEWS = YES;
				INFOPLIST_FILE = Chat/Info.plist;
				LD_RUNPATH_SEARCH_PATHS = (
					"$(inherited)",
					"@executable_path/Frameworks",
				);
				PRODUCT_BUNDLE_IDENTIFIER = Swift.Chat;
				PRODUCT_NAME = "$(TARGET_NAME)";
				SWIFT_VERSION = 5.0;
				TARGETED_DEVICE_FAMILY = "1,2";
			};
			name = Release;
		};
/* End XCBuildConfiguration section */

/* Begin XCConfigurationList section */
		83F8027A241F3109007C2778 /* Build configuration list for PBXProject "Chat" */ = {
			isa = XCConfigurationList;
			buildConfigurations = (
				83F80291241F310C007C2778 /* Debug */,
				83F80292241F310C007C2778 /* Release */,
			);
			defaultConfigurationIsVisible = 0;
			defaultConfigurationName = Release;
		};
		83F80293241F310C007C2778 /* Build configuration list for PBXNativeTarget "Chat" */ = {
			isa = XCConfigurationList;
			buildConfigurations = (
				83F80294241F310C007C2778 /* Debug */,
				83F80295241F310C007C2778 /* Release */,
			);
			defaultConfigurationIsVisible = 0;
			defaultConfigurationName = Release;
		};
/* End XCConfigurationList section */
	};
	rootObject = 83F80277241F3109007C2778 /* Project object */;
}
